
Microsoft Visual Studio Solution File, Format Version 12.00
# Visual Studio Version 17
VisualStudioVersion = 17.8.34322.80
MinimumVisualStudioVersion = 10.0.40219.1
Project("{FAE04EC0-301F-11D3-BF4B-00C04F79EFBC}") = "Functions", "Functions\Functions.csproj", "{0ECF4CAC-D638-49BF-A085-E5E41EB00DFB}"
EndProject
Project("{FAE04EC0-301F-11D3-BF4B-00C04F79EFBC}") = "ArgumentsAndParameters", "ArgumentsAndParameters\ArgumentsAndParameters.csproj", "{4043B864-459C-4C01-9346-C22DFBEC8A86}"
EndProject
Project("{FAE04EC0-301F-11D3-BF4B-00C04F79EFBC}") = "Calculator", "Calculator\Calculator.csproj", "{3F5F8689-EAE8-4177-BFB2-A696660D9F22}"
EndProject
Project("{FAE04EC0-301F-11D3-BF4B-00C04F79EFBC}") = "DiscountCalculator", "DiscountCalculator\DiscountCalculator.csproj", "{11AB068D-ABE9-42C2-82CA-E96289639F3C}"
EndProject
Global
	GlobalSection(SolutionConfigurationPlatforms) = preSolution
		Debug|Any CPU = Debug|Any CPU
		Release|Any CPU = Release|Any CPU
	EndGlobalSection
	GlobalSection(ProjectConfigurationPlatforms) = postSolution
		{0ECF4CAC-D638-49BF-A085-E5E41EB00DFB}.Debug|Any CPU.ActiveCfg = Debug|Any CPU
		{0ECF4CAC-D638-49BF-A085-E5E41EB00DFB}.Debug|Any CPU.Build.0 = Debug|Any CPU
		{0ECF4CAC-D638-49BF-A085-E5E41EB00DFB}.Release|Any CPU.ActiveCfg = Release|Any CPU
		{0ECF4CAC-D638-49BF-A085-E5E41EB00DFB}.Release|Any CPU.Build.0 = Release|Any CPU
		{4043B864-459C-4C01-9346-C22DFBEC8A86}.Debug|Any CPU.ActiveCfg = Debug|Any CPU
		{4043B864-459C-4C01-9346-C22DFBEC8A86}.Debug|Any CPU.Build.0 = Debug|Any CPU
		{4043B864-459C-4C01-9346-C22DFBEC8A86}.Release|Any CPU.ActiveCfg = Release|Any CPU
		{4043B864-459C-4C01-9346-C22DFBEC8A86}.Release|Any CPU.Build.0 = Release|Any CPU
		{3F5F8689-EAE8-4177-BFB2-A696660D9F22}.Debug|Any CPU.ActiveCfg = Debug|Any CPU
		{3F5F8689-EAE8-4177-BFB2-A696660D9F22}.Debug|Any CPU.Build.0 = Debug|Any CPU
		{3F5F8689-EAE8-4177-BFB2-A696660D9F22}.Release|Any CPU.ActiveCfg = Release|Any CPU
		{3F5F8689-EAE8-4177-BFB2-A696660D9F22}.Release|Any CPU.Build.0 = Release|Any CPU
		{11AB068D-ABE9-42C2-82CA-E96289639F3C}.Debug|Any CPU.ActiveCfg = Debug|Any CPU
		{11AB068D-ABE9-42C2-82CA-E96289639F3C}.Debug|Any CPU.Build.0 = Debug|Any CPU
		{11AB068D-ABE9-42C2-82CA-E96289639F3C}.Release|Any CPU.ActiveCfg = Release|Any CPU
		{11AB068D-ABE9-42C2-82CA-E96289639F3C}.Release|Any CPU.Build.0 = Release|Any CPU
	EndGlobalSection
	GlobalSection(SolutionProperties) = preSolution
		HideSolutionNode = FALSE
	EndGlobalSection
	GlobalSection(ExtensibilityGlobals) = postSolution
		SolutionGuid = {620213C0-6C76-47FC-A168-2B28FC89A234}
	EndGlobalSection
EndGlobal
